
Microsoft Visual Studio Solution File, Format Version 12.00
# Visual Studio Version 17
VisualStudioVersion = 17.11.35303.130
MinimumVisualStudioVersion = 10.0.40219.1
Project("{FAE04EC0-301F-11D3-BF4B-00C04F79EFBC}") = "ServidorDeTurnos", "ServidorDeTurnos\ServidorDeTurnos.csproj", "{C7ECC10D-6F38-42FB-9DE5-857CDDB3034C}"
EndProject
Project("{FAE04EC0-301F-11D3-BF4B-00C04F79EFBC}") = "ClienteEjercicio2", "ClienteEjercicio2\ClienteEjercicio2.csproj", "{154305B5-6134-4845-86B1-33D939D064C6}"
EndProject
Global
	GlobalSection(SolutionConfigurationPlatforms) = preSolution
		Debug|Any CPU = Debug|Any CPU
		Release|Any CPU = Release|Any CPU
	EndGlobalSection
	GlobalSection(ProjectConfigurationPlatforms) = postSolution
		{C7ECC10D-6F38-42FB-9DE5-857CDDB3034C}.Debug|Any CPU.ActiveCfg = Debug|Any CPU
		{C7ECC10D-6F38-42FB-9DE5-857CDDB3034C}.Debug|Any CPU.Build.0 = Debug|Any CPU
		{C7ECC10D-6F38-42FB-9DE5-857CDDB3034C}.Release|Any CPU.ActiveCfg = Release|Any CPU
		{C7ECC10D-6F38-42FB-9DE5-857CDDB3034C}.Release|Any CPU.Build.0 = Release|Any CPU
		{154305B5-6134-4845-86B1-33D939D064C6}.Debug|Any CPU.ActiveCfg = Debug|Any CPU
		{154305B5-6134-4845-86B1-33D939D064C6}.Debug|Any CPU.Build.0 = Debug|Any CPU
		{154305B5-6134-4845-86B1-33D939D064C6}.Release|Any CPU.ActiveCfg = Release|Any CPU
		{154305B5-6134-4845-86B1-33D939D064C6}.Release|Any CPU.Build.0 = Release|Any CPU
	EndGlobalSection
	GlobalSection(SolutionProperties) = preSolution
		HideSolutionNode = FALSE
	EndGlobalSection
	GlobalSection(ExtensibilityGlobals) = postSolution
		SolutionGuid = {7EB6599D-233E-40CD-9771-D9463CCAFD3C}
	EndGlobalSection
EndGlobal
